
Microsoft Visual Studio Solution File, Format Version 12.00
#
Project("{2150E333-8FDC-42A3-9474-1A3956D46DE8}") = "src", "src", "{0CFD4C5D-7216-45CA-A050-022716596204}"
EndProject
Project("{2150E333-8FDC-42A3-9474-1A3956D46DE8}") = "tests", "tests", "{D3AC06F5-EB72-42A3-8642-993BEECFAA90}"
EndProject
Project("{FAE04EC0-301F-11D3-BF4B-00C04F79EFBC}") = "StoreFront.API", "src\StoreFront.API\StoreFront.API.csproj", "{FAFC7E07-5551-44AC-A17D-52A9C68F839E}"
EndProject
Project("{FAE04EC0-301F-11D3-BF4B-00C04F79EFBC}") = "StoreFront.Application", "src\StoreFront.Application\StoreFront.Application.csproj", "{B0607D7A-57E9-4528-A291-7B662FCC0BC0}"
EndProject
Project("{FAE04EC0-301F-11D3-BF4B-00C04F79EFBC}") = "StoreFront.Domain", "src\StoreFront.Domain\StoreFront.Domain.csproj", "{817C527A-2921-4418-AA64-2FE4FE6A83D3}"
EndProject
Project("{FAE04EC0-301F-11D3-BF4B-00C04F79EFBC}") = "StoreFront.Infrastructure", "src\StoreFront.Infrastructure\StoreFront.Infrastructure.csproj", "{B292A76C-1ABA-4C1C-927E-04833E3CC956}"
EndProject
Project("{FAE04EC0-301F-11D3-BF4B-00C04F79EFBC}") = "StoreFront.SharedKernel", "src\StoreFront.SharedKernel\StoreFront.SharedKernel.csproj", "{0D8C70F0-6EE5-4D06-A63C-5D7BEF8C6C60}"
EndProject
Project("{FAE04EC0-301F-11D3-BF4B-00C04F79EFBC}") = "StoreFront.Services", "src\StoreFront.Services\StoreFront.Services.csproj", "{491B8EF4-9EBD-40E1-B128-E2A8E00AD7F9}"
EndProject
Project("{FAE04EC0-301F-11D3-BF4B-00C04F79EFBC}") = "StoreFront.UnitTests", "tests\StoreFront.UnitTests\StoreFront.UnitTests.csproj", "{03DD0E24-5F1E-4F72-ADAA-CF2C1D9E2074}"
EndProject
Project("{FAE04EC0-301F-11D3-BF4B-00C04F79EFBC}") = "StoreFront.IntegrationTests", "tests\StoreFront.IntegrationTests\StoreFront.IntegrationTests.csproj", "{3B6912FD-6931-46A5-8DCF-3CC6E2448C9A}"
EndProject
Global
	GlobalSection(SolutionConfigurationPlatforms) = preSolution
		Debug|Any CPU = Debug|Any CPU
		Release|Any CPU = Release|Any CPU
	EndGlobalSection
	GlobalSection(ProjectConfigurationPlatforms) = postSolution
		{FAFC7E07-5551-44AC-A17D-52A9C68F839E}.Debug|Any CPU.ActiveCfg = Debug|Any CPU
		{FAFC7E07-5551-44AC-A17D-52A9C68F839E}.Debug|Any CPU.Build.0 = Debug|Any CPU
		{FAFC7E07-5551-44AC-A17D-52A9C68F839E}.Release|Any CPU.ActiveCfg = Release|Any CPU
		{FAFC7E07-5551-44AC-A17D-52A9C68F839E}.Release|Any CPU.Build.0 = Release|Any CPU
		{B0607D7A-57E9-4528-A291-7B662FCC0BC0}.Debug|Any CPU.ActiveCfg = Debug|Any CPU
		{B0607D7A-57E9-4528-A291-7B662FCC0BC0}.Debug|Any CPU.Build.0 = Debug|Any CPU
		{B0607D7A-57E9-4528-A291-7B662FCC0BC0}.Release|Any CPU.ActiveCfg = Release|Any CPU
		{B0607D7A-57E9-4528-A291-7B662FCC0BC0}.Release|Any CPU.Build.0 = Release|Any CPU
		{817C527A-2921-4418-AA64-2FE4FE6A83D3}.Debug|Any CPU.ActiveCfg = Debug|Any CPU
		{817C527A-2921-4418-AA64-2FE4FE6A83D3}.Debug|Any CPU.Build.0 = Debug|Any CPU
		{817C527A-2921-4418-AA64-2FE4FE6A83D3}.Release|Any CPU.ActiveCfg = Release|Any CPU
		{817C527A-2921-4418-AA64-2FE4FE6A83D3}.Release|Any CPU.Build.0 = Release|Any CPU
		{B292A76C-1ABA-4C1C-927E-04833E3CC956}.Debug|Any CPU.ActiveCfg = Debug|Any CPU
		{B292A76C-1ABA-4C1C-927E-04833E3CC956}.Debug|Any CPU.Build.0 = Debug|Any CPU
		{B292A76C-1ABA-4C1C-927E-04833E3CC956}.Release|Any CPU.ActiveCfg = Release|Any CPU
		{B292A76C-1ABA-4C1C-927E-04833E3CC956}.Release|Any CPU.Build.0 = Release|Any CPU
		{0D8C70F0-6EE5-4D06-A63C-5D7BEF8C6C60}.Debug|Any CPU.ActiveCfg = Debug|Any CPU
		{0D8C70F0-6EE5-4D06-A63C-5D7BEF8C6C60}.Debug|Any CPU.Build.0 = Debug|Any CPU
		{0D8C70F0-6EE5-4D06-A63C-5D7BEF8C6C60}.Release|Any CPU.ActiveCfg = Release|Any CPU
		{0D8C70F0-6EE5-4D06-A63C-5D7BEF8C6C60}.Release|Any CPU.Build.0 = Release|Any CPU
		{491B8EF4-9EBD-40E1-B128-E2A8E00AD7F9}.Debug|Any CPU.ActiveCfg = Debug|Any CPU
		{491B8EF4-9EBD-40E1-B128-E2A8E00AD7F9}.Debug|Any CPU.Build.0 = Debug|Any CPU
		{491B8EF4-9EBD-40E1-B128-E2A8E00AD7F9}.Release|Any CPU.ActiveCfg = Release|Any CPU
		{491B8EF4-9EBD-40E1-B128-E2A8E00AD7F9}.Release|Any CPU.Build.0 = Release|Any CPU
		{03DD0E24-5F1E-4F72-ADAA-CF2C1D9E2074}.Debug|Any CPU.ActiveCfg = Debug|Any CPU
		{03DD0E24-5F1E-4F72-ADAA-CF2C1D9E2074}.Debug|Any CPU.Build.0 = Debug|Any CPU
		{03DD0E24-5F1E-4F72-ADAA-CF2C1D9E2074}.Release|Any CPU.ActiveCfg = Release|Any CPU
		{03DD0E24-5F1E-4F72-ADAA-CF2C1D9E2074}.Release|Any CPU.Build.0 = Release|Any CPU
		{3B6912FD-6931-46A5-8DCF-3CC6E2448C9A}.Debug|Any CPU.ActiveCfg = Debug|Any CPU
		{3B6912FD-6931-46A5-8DCF-3CC6E2448C9A}.Debug|Any CPU.Build.0 = Debug|Any CPU
		{3B6912FD-6931-46A5-8DCF-3CC6E2448C9A}.Release|Any CPU.ActiveCfg = Release|Any CPU
		{3B6912FD-6931-46A5-8DCF-3CC6E2448C9A}.Release|Any CPU.Build.0 = Release|Any CPU
	EndGlobalSection
	GlobalSection(NestedProjects) = preSolution
		{FAFC7E07-5551-44AC-A17D-52A9C68F839E} = {0CFD4C5D-7216-45CA-A050-022716596204}
		{B0607D7A-57E9-4528-A291-7B662FCC0BC0} = {0CFD4C5D-7216-45CA-A050-022716596204}
		{817C527A-2921-4418-AA64-2FE4FE6A83D3} = {0CFD4C5D-7216-45CA-A050-022716596204}
		{B292A76C-1ABA-4C1C-927E-04833E3CC956} = {0CFD4C5D-7216-45CA-A050-022716596204}
		{0D8C70F0-6EE5-4D06-A63C-5D7BEF8C6C60} = {0CFD4C5D-7216-45CA-A050-022716596204}
		{491B8EF4-9EBD-40E1-B128-E2A8E00AD7F9} = {0CFD4C5D-7216-45CA-A050-022716596204}
		{03DD0E24-5F1E-4F72-ADAA-CF2C1D9E2074} = {D3AC06F5-EB72-42A3-8642-993BEECFAA90}
		{3B6912FD-6931-46A5-8DCF-3CC6E2448C9A} = {D3AC06F5-EB72-42A3-8642-993BEECFAA90}
	EndGlobalSection
EndGlobal
